
Microsoft Visual Studio Solution File, Format Version 12.00
# Visual Studio Version 16
VisualStudioVersion = 16.0.31105.61
MinimumVisualStudioVersion = 10.0.40219.1
Project("{FAE04EC0-301F-11D3-BF4B-00C04F79EFBC}") = "LojaVirtual.Dominio", "LojaVirtual.Dominio\LojaVirtual.Dominio.csproj", "{022327DD-2956-4535-AD64-2D7EAA3AA91E}"
EndProject
Project("{FAE04EC0-301F-11D3-BF4B-00C04F79EFBC}") = "LojaVirtual.Web", "LojaVirtual.Web\LojaVirtual.Web.csproj", "{330E8D9E-28B3-4CDB-98FD-21FF71F466E0}"
EndProject
Project("{FAE04EC0-301F-11D3-BF4B-00C04F79EFBC}") = "LojaVirtual.UnitTest", "LojaVirtual.UnitTest\LojaVirtual.UnitTest.csproj", "{9E75F280-F344-487C-A10C-80DE6AC82E2F}"
EndProject
Global
	GlobalSection(SolutionConfigurationPlatforms) = preSolution
		Debug|Any CPU = Debug|Any CPU
		Release|Any CPU = Release|Any CPU
	EndGlobalSection
	GlobalSection(ProjectConfigurationPlatforms) = postSolution
		{022327DD-2956-4535-AD64-2D7EAA3AA91E}.Debug|Any CPU.ActiveCfg = Debug|Any CPU
		{022327DD-2956-4535-AD64-2D7EAA3AA91E}.Debug|Any CPU.Build.0 = Debug|Any CPU
		{022327DD-2956-4535-AD64-2D7EAA3AA91E}.Release|Any CPU.ActiveCfg = Release|Any CPU
		{022327DD-2956-4535-AD64-2D7EAA3AA91E}.Release|Any CPU.Build.0 = Release|Any CPU
		{330E8D9E-28B3-4CDB-98FD-21FF71F466E0}.Debug|Any CPU.ActiveCfg = Debug|Any CPU
		{330E8D9E-28B3-4CDB-98FD-21FF71F466E0}.Debug|Any CPU.Build.0 = Debug|Any CPU
		{330E8D9E-28B3-4CDB-98FD-21FF71F466E0}.Release|Any CPU.ActiveCfg = Release|Any CPU
		{330E8D9E-28B3-4CDB-98FD-21FF71F466E0}.Release|Any CPU.Build.0 = Release|Any CPU
		{9E75F280-F344-487C-A10C-80DE6AC82E2F}.Debug|Any CPU.ActiveCfg = Debug|Any CPU
		{9E75F280-F344-487C-A10C-80DE6AC82E2F}.Debug|Any CPU.Build.0 = Debug|Any CPU
		{9E75F280-F344-487C-A10C-80DE6AC82E2F}.Release|Any CPU.ActiveCfg = Release|Any CPU
		{9E75F280-F344-487C-A10C-80DE6AC82E2F}.Release|Any CPU.Build.0 = Release|Any CPU
	EndGlobalSection
	GlobalSection(SolutionProperties) = preSolution
		HideSolutionNode = FALSE
	EndGlobalSection
	GlobalSection(ExtensibilityGlobals) = postSolution
		SolutionGuid = {AC5DC8F7-9C1A-41AE-961A-6CA79AE7D5F7}
	EndGlobalSection
EndGlobal
